%{
  "bimap": {:hex, :bimap, "1.0.1", "6c92d76d73ed1cf04b2b6e8548c732256da5fe9efe9ab64b90724db58bdc8f18", [:mix], [], "hexpm", "7a992441c9d54a4fe02328fb53e1a83e7a133566fa3c0b9833473ecf7d79a157"},
  "bunch": {:hex, :bunch, "1.2.0", "f26c6c84e2e5e245620c73a0a4560ca91a75b25744012537e055426568916ab7", [:mix], [], "hexpm", "66c1ea8716a7c03124f3bf62c0b167f7294c4948d1688bd2027dadaa4ec032de"},
  "bunch_native": {:hex, :bunch_native, "0.2.1", "0227d2a751a32f8c0b77dfec57c8dc7216351720c9c755c467e6d9387467fd1f", [:mix], [{:bundlex, "~> 0.2.7", [hex: :bundlex, repo: "hexpm", optional: false]}], "hexpm", "f0819b2f9f78086447ac7459a8e7b6e25ad535b9d3a4f9469253c552137de6b4"},
  "bundlex": {:hex, :bundlex, "0.2.7", "8f46199bf4cf84a60cdfc142edeafbab37040167acc35dda8aa70433f2ff8162", [:mix], [{:bunch, "~> 1.0", [hex: :bunch, repo: "hexpm", optional: false]}, {:qex, "~> 0.5", [hex: :qex, repo: "hexpm", optional: false]}, {:secure_random, "~> 0.5", [hex: :secure_random, repo: "hexpm", optional: false]}], "hexpm", "5751b4bb5dd0576ca70519239e2ee7b495b17e4bbfbe3ef1f60ae0c12c0e4fe9"},
  "coerce": {:hex, :coerce, "1.0.1", "211c27386315dc2894ac11bc1f413a0e38505d808153367bd5c6e75a4003d096", [:mix], [], "hexpm", "b44a691700f7a1a15b4b7e2ff1fa30bebd669929ac8aa43cffe9e2f8bf051cf1"},
  "connection": {:hex, :connection, "1.0.4", "a1cae72211f0eef17705aaededacac3eb30e6625b04a6117c1b2db6ace7d5976", [:mix], []},
  "csv": {:hex, :csv, "2.3.1", "9ce11eff5a74a07baf3787b2b19dd798724d29a9c3a492a41df39f6af686da0e", [:mix], [{:parallel_stream, "~> 1.0.4", [hex: :parallel_stream, repo: "hexpm", optional: false]}], "hexpm", "86626e1c89a4ad9a96d0d9c638f9e88c2346b89b4ba1611988594ebe72b5d5ee"},
  "dialyxir": {:hex, :dialyxir, "1.0.0-rc.7", "6287f8f2cb45df8584317a4be1075b8c9b8a69de8eeb82b4d9e6c761cf2664cd", [:mix], [{:erlex, ">= 0.2.5", [hex: :erlex, repo: "hexpm", optional: false]}], "hexpm", "506294d6c543e4e5282d4852aead19ace8a35bedeb043f9256a06a6336827122"},
  "earmark": {:hex, :earmark, "1.4.1", "07bb382826ee8d08d575a1981f971ed41bd5d7e86b917fd012a93c51b5d28727", [:mix], [], "hexpm", "cdfa03374331187c7b9e86d971423a19138dc1cf9902b26923a657c789673876"},
  "erlex": {:hex, :erlex, "0.2.5", "e51132f2f472e13d606d808f0574508eeea2030d487fc002b46ad97e738b0510", [:mix], [], "hexpm", "756d3e19b056339af674b715fdd752c5dac468cf9d0e2d1a03abf4574e99fbf8"},
  "espec": {:hex, :espec, "1.1.2", "d1cf60ee8f6fb8b0f1593097958762f870949238b0aa15788201728cb6e672dd", [:mix], [{:meck, "~> 0.8.4", [hex: :meck, optional: false]}]},
  "ex_doc": {:hex, :ex_doc, "0.21.2", "caca5bc28ed7b3bdc0b662f8afe2bee1eedb5c3cf7b322feeeb7c6ebbde089d6", [:mix], [{:earmark, "~> 1.3.3 or ~> 1.4", [hex: :earmark, repo: "hexpm", optional: false]}, {:makeup_elixir, "~> 0.14", [hex: :makeup_elixir, repo: "hexpm", optional: false]}], "hexpm", "f1155337ae17ff7a1255217b4c1ceefcd1860b7ceb1a1874031e7a861b052e39"},
  "heap": {:hex, :heap, "2.0.2", "d98cb178286cfeb5edbcf17785e2d20af73ca57b5a2cf4af584118afbcf917eb", [:mix], [], "hexpm", "ba9ea2fe99eb4bcbd9a8a28eaf71cbcac449ca1d8e71731596aace9028c9d429"},
  "makeup": {:hex, :makeup, "1.0.0", "671df94cf5a594b739ce03b0d0316aa64312cee2574b6a44becb83cd90fb05dc", [:mix], [{:nimble_parsec, "~> 0.5.0", [hex: :nimble_parsec, repo: "hexpm", optional: false]}], "hexpm", "a10c6eb62cca416019663129699769f0c2ccf39428b3bb3c0cb38c718a0c186d"},
  "makeup_elixir": {:hex, :makeup_elixir, "0.14.0", "cf8b7c66ad1cff4c14679698d532f0b5d45a3968ffbcbfd590339cb57742f1ae", [:mix], [{:makeup, "~> 1.0", [hex: :makeup, repo: "hexpm", optional: false]}], "hexpm", "d4b316c7222a85bbaa2fd7c6e90e37e953257ad196dc229505137c5e505e9eff"},
  "meck": {:hex, :meck, "0.8.7", "ebad16ca23f685b07aed3bc011efff65fbaf28881a8adf925428ef5472d390ee", [:rebar3], []},
  "membrane_bin_rtp": {:hex, :membrane_bin_rtp, "0.1.1", "9bbd18d49053fa25de6668e87926953000f3a4a523a6e6d948d2ed383f31c6f0", [:mix], [{:csv, "~> 2.3", [hex: :csv, repo: "hexpm", optional: false]}, {:membrane_core, "~> 0.5.0", [hex: :membrane_core, repo: "hexpm", optional: false]}, {:membrane_element_rtp, "~> 0.3.0", [hex: :membrane_element_rtp, repo: "hexpm", optional: false]}, {:membrane_element_rtp_h264, "~> 0.2.0", [hex: :membrane_element_rtp_h264, repo: "hexpm", optional: false]}, {:membrane_element_rtp_jitter_buffer, "~> 0.2.0", [hex: :membrane_element_rtp_jitter_buffer, repo: "hexpm", optional: false]}, {:membrane_element_rtp_mpeguadio, "~> 0.3.0", [hex: :membrane_element_rtp_mpeguadio, repo: "hexpm", optional: false]}, {:membrane_protocol_sdp, "~> 0.1.0", [hex: :membrane_protocol_sdp, repo: "hexpm", optional: false]}], "hexpm", "02ba56563385bdc111e359313350eee2acb31fda76f16c34f5b06a3beb4eeb72"},
  "membrane_caps_audio_opus": {:git, "https://github.com/membraneframework/membrane-caps-audio-opus.git", "60a7e7e350e7b199a3f7bef611932bc7486da2cb", []},
  "membrane_caps_audio_raw": {:hex, :membrane_caps_audio_raw, "0.2.0", "0090049722ace1f30f1347d1353ba557b0ee71ea2f7b0db96467b6bde4dc46e5", [:mix], [{:bimap, "~> 1.0", [hex: :bimap, repo: "hexpm", optional: false]}, {:bunch, "~> 1.0", [hex: :bunch, repo: "hexpm", optional: false]}, {:membrane_core, "~> 0.5.0", [hex: :membrane_core, repo: "hexpm", optional: false]}], "hexpm", "86c40725f73656134bcf54e0373ddebdd30c0c39309827fb74d1299b2042df10"},
  "membrane_caps_rtp": {:hex, :membrane_caps_rtp, "0.1.0", "a6fcdac65d81c4a59d068c7b18fa90a0dc27b2ca21261e279c97dd3fea80ce55", [:mix], [], "hexpm", "5a15745ae9521ec241e138bcc0790e90bba62cf63d8f8373a1f08568e9d66fe7"},
  "membrane_caps_video_h264": {:hex, :membrane_caps_video_h264, "0.1.0", "d10eb30fdc00175aaeb4bb0d5cb4c031cc319e29330b5585bef2044352161584", [:mix], [], "hexpm", "a301e03328008f822edf08c6f76aa4f1b92abf3a7175e8022ad6acab693c6011"},
  "membrane_common_c": {:hex, :membrane_common_c, "0.3.0", "eb17da0e469eacb8f4afbfc47752bd80d749397951d971cd1df67332a5cf77c6", [:mix], [{:bundlex, "~> 0.2.0", [hex: :bundlex, repo: "hexpm", optional: false]}, {:membrane_core, "~> 0.5.0", [hex: :membrane_core, repo: "hexpm", optional: false]}, {:shmex, "~> 0.2.0", [hex: :shmex, repo: "hexpm", optional: false]}, {:unifex, "~> 0.2.0", [hex: :unifex, repo: "hexpm", optional: false]}], "hexpm", "4c09fd3d802aa36f65225778b1fe819d63df835ac6c113a2be1222ab454175bb"},
  "membrane_core": {:hex, :membrane_core, "0.5.0", "6fd6de1158ff1e8d58ec381d25b71b23b349718a785d6de67ffe6866e6a05b0a", [:mix], [{:bunch, "~> 1.2", [hex: :bunch, repo: "hexpm", optional: false]}, {:qex, "~> 0.3", [hex: :qex, repo: "hexpm", optional: false]}, {:ratio, "~> 2.0", [hex: :ratio, repo: "hexpm", optional: false]}], "hexpm", "4e9b3b5e8dd0a7836ed9e3687a48607881d47d6c0b5ed02dd3d32e5b4ad4d312"},
  "membrane_element_ffmpeg_swresample": {:hex, :membrane_element_ffmpeg_swresample, "0.3.0", "e7104192640f45060ccc412e0aae5f3cf41daf01d5c9f285e30ac5056d5b19b6", [:mix], [{:bunch, "~> 1.0", [hex: :bunch, repo: "hexpm", optional: false]}, {:bundlex, "~> 0.2.7", [hex: :bundlex, repo: "hexpm", optional: false]}, {:membrane_caps_audio_raw, "~> 0.2.0", [hex: :membrane_caps_audio_raw, repo: "hexpm", optional: false]}, {:membrane_common_c, "~> 0.3.0", [hex: :membrane_common_c, repo: "hexpm", optional: false]}, {:membrane_core, "~> 0.5.0", [hex: :membrane_core, repo: "hexpm", optional: false]}, {:mockery, "~> 2.1", [hex: :mockery, repo: "hexpm", optional: false]}, {:unifex, "~> 0.2.0", [hex: :unifex, repo: "hexpm", optional: false]}], "hexpm", "405b7173b4ed009d5f52798ae194005cb9f8be71b1b1fe00b185e79eda1f7371"},
  "membrane_element_portaudio": {:hex, :membrane_element_portaudio, "0.3.1", "48fd69c6aa46d3ed3a77206b0d28924c0b7fd7a688117c1a5b117060abed25b6", [:mix], [{:bunch, "~> 1.2", [hex: :bunch, repo: "hexpm", optional: false]}, {:bundlex, "~> 0.2.0", [hex: :bundlex, repo: "hexpm", optional: false]}, {:membrane_caps_audio_raw, "~> 0.2.0", [hex: :membrane_caps_audio_raw, repo: "hexpm", optional: false]}, {:membrane_common_c, "~> 0.3.0", [hex: :membrane_common_c, repo: "hexpm", optional: false]}, {:membrane_core, "~> 0.5.0", [hex: :membrane_core, repo: "hexpm", optional: false]}, {:mockery, "~> 2.1", [hex: :mockery, repo: "hexpm", optional: false]}, {:unifex, "~> 0.2.0", [hex: :unifex, repo: "hexpm", optional: false]}], "hexpm", "0a1945c810743454464cf9812c6e4334b611c6a4687c0c4a7611eee640b2f9cc"},
  "membrane_element_rtp": {:hex, :membrane_element_rtp, "0.3.0", "864b120a475984c00f9b8ce7d33cefff44c2b0fb6726f142bc4093a8b0a60c66", [:mix], [{:membrane_caps_rtp, "~> 0.1", [hex: :membrane_caps_rtp, repo: "hexpm", optional: false]}, {:membrane_core, "~> 0.5.0", [hex: :membrane_core, repo: "hexpm", optional: false]}], "hexpm", "cfec2c981170ff2d6ba4b212cf85678231c728f95fbc2b75d811737d626bd9c0"},
  "membrane_element_rtp_h264": {:hex, :membrane_element_rtp_h264, "0.2.0", "610e78759895c1f570822b9bee01f748ffa6a77a52c4f3c6f627e6a7124f0332", [:mix], [{:bunch, "~> 1.2", [hex: :bunch, repo: "hexpm", optional: false]}, {:membrane_caps_rtp, "~> 0.1", [hex: :membrane_caps_rtp, repo: "hexpm", optional: false]}, {:membrane_caps_video_h264, "~> 0.1", [hex: :membrane_caps_video_h264, repo: "hexpm", optional: false]}, {:membrane_core, "~> 0.5.0", [hex: :membrane_core, repo: "hexpm", optional: false]}], "hexpm", "ece594425762912636da09b45c7efaaff583aa0262e048b8827e4277c4c1bfd4"},
  "membrane_element_rtp_jitter_buffer": {:hex, :membrane_element_rtp_jitter_buffer, "0.2.1", "d501ddc6a358f5f041165cb64d1a1e2b211170d7a6ed7a814b9cae77499cf234", [:mix], [{:bunch, "~> 1.0", [hex: :bunch, repo: "hexpm", optional: false]}, {:heap, "~> 2.0.2", [hex: :heap, repo: "hexpm", optional: false]}, {:membrane_caps_rtp, "~> 0.1", [hex: :membrane_caps_rtp, repo: "hexpm", optional: false]}, {:membrane_core, "~> 0.5.0", [hex: :membrane_core, repo: "hexpm", optional: false]}], "hexpm", "336735a71e075fc967c5fc4522a14d692cdcfd41d62129deccb104549da56550"},
  "membrane_element_rtp_mpeguadio": {:hex, :membrane_element_rtp_mpeguadio, "0.3.0", "091560d59acda565f4219970f6275ceaffac61f2041860d176358b7089461457", [:mix], [{:membrane_caps_rtp, "~> 0.1", [hex: :membrane_caps_rtp, repo: "hexpm", optional: false]}, {:membrane_core, "~> 0.5.0", [hex: :membrane_core, repo: "hexpm", optional: false]}], "hexpm", "182cc59b08d9029c2dac9f9d5594831c852ac99dd081dc47564208b66bc5b659"},
  "membrane_element_udp": {:hex, :membrane_element_udp, "0.3.1", "a7d8fe277816eba10cf55c5133f6ea40b8b0f2902ab5fa17459b33e589117bf8", [:mix], [{:membrane_core, "~> 0.5.0", [hex: :membrane_core, repo: "hexpm", optional: false]}, {:mockery, "~> 2.3.0", [hex: :mockery, repo: "hexpm", optional: false]}], "hexpm", "cadcd659b4fa096d745448ff769378f8d7ecc9ec9148d951b73e53027d9cc991"},
  "membrane_protocol_sdp": {:hex, :membrane_protocol_sdp, "0.1.0", "33a15d355491e1aa70149e1d07545485fc4ee0435130e5ac3b0dc82f7eac74f6", [:mix], [{:bunch, "~> 1.0", [hex: :bunch, repo: "hexpm", optional: false]}], "hexpm", "835bd17d96b18af3825f9910551887d4ea4dc3bcfe92b6153011aebc171a90e4"},
  "mockery": {:hex, :mockery, "2.3.1", "a02fd60b10ac9ed37a7a2ecf6786c1f1dd5c75d2b079a60594b089fba32dc087", [:mix], [], "hexpm", "1d0971d88ebf084e962da3f2cfee16f0ea8e04ff73a7710428500d4500b947fa"},
  "nimble_parsec": {:hex, :nimble_parsec, "0.5.1", "c90796ecee0289dbb5ad16d3ad06f957b0cd1199769641c961cfe0b97db190e0", [:mix], [], "hexpm", "00e3ebdc821fb3a36957320d49e8f4bfa310d73ea31c90e5f925dc75e030da8f"},
  "numbers": {:hex, :numbers, "5.1.1", "1277dbee5dc73b0e1608bd6d318bd8338cbcba5b68cade65f24e4bb402676b5c", [:mix], [{:coerce, "~> 1.0", [hex: :coerce, repo: "hexpm", optional: false]}, {:decimal, "~> 1.5", [hex: :decimal, repo: "hexpm", optional: true]}], "hexpm", "b025516631e37e824a605f78fe892913bdf587ff29c56e393dbb1cf658673557"},
  "parallel_stream": {:hex, :parallel_stream, "1.0.6", "b967be2b23f0f6787fab7ed681b4c45a215a81481fb62b01a5b750fa8f30f76c", [:mix], [], "hexpm", "639b2e8749e11b87b9eb42f2ad325d161c170b39b288ac8d04c4f31f8f0823eb"},
  "porcelain": {:hex, :porcelain, "2.0.3", "2d77b17d1f21fed875b8c5ecba72a01533db2013bd2e5e62c6d286c029150fdc", [:mix], []},
  "qex": {:hex, :qex, "0.5.0", "5a3a9becf67d4006377c4c247ffdaaa8ae5b3634a0caadb788dc24d6125068f4", [:mix], [], "hexpm", "4ad6f6421163cd8204509a119a5c9813cbb969cfb8d802a9dc49b968bffbac2a"},
  "ratio": {:hex, :ratio, "2.3.0", "71e4c7ca7b9959c8d4ada7dd40a05e96d782ef5cf7ac2a6f4ebb8a3c66a991c0", [:mix], [{:numbers, "~> 5.1.0", [hex: :numbers, repo: "hexpm", optional: false]}], "hexpm", "c093268dd1ef8920d82ccec062818174ab2c85fcf762490dcd279f0bff936ecd"},
  "secure_random": {:hex, :secure_random, "0.5.1", "c5532b37c89d175c328f5196a0c2a5680b15ebce3e654da37129a9fe40ebf51b", [:mix], [], "hexpm", "1b9754f15e3940a143baafd19da12293f100044df69ea12db5d72878312ae6ab"},
  "shmex": {:hex, :shmex, "0.2.0", "2dc5e3919171e69993729fab2eee5bde6b679a4c7da91fd88e41c4254cc65fef", [:mix], [{:bunch_native, "~> 0.2.0", [hex: :bunch_native, repo: "hexpm", optional: false]}, {:bundlex, "~> 0.2.4", [hex: :bundlex, repo: "hexpm", optional: false]}], "hexpm", "ac0af802c8934a84a2e7255490568a254b16188acb6358ee24d7d53f76852fc0"},
  "unifex": {:hex, :unifex, "0.2.5", "a279c09e0bc2a9a50b5fa0552c36783964601f803bb27813122bb17a03be4ebf", [:mix], [{:bunch, "~> 1.0", [hex: :bunch, repo: "hexpm", optional: false]}, {:bundlex, "~> 0.2.0", [hex: :bundlex, repo: "hexpm", optional: false]}, {:shmex, "~> 0.2.0", [hex: :shmex, repo: "hexpm", optional: false]}], "hexpm", "450df31fc1a5e66896bc39e33823db309c124091d37130e07828560ee041fe31"},
}
